// !$*UTF8*$!
{
	archiveVersion = 1;
	classes = {
	};
	objectVersion = 52;
	objects = {

/* Begin PBXBuildFile section */
		1125422B2638B04A007A74FC /* HistoryView.swift in Sources */ = {isa = PBXBuildFile; fileRef = 1125422A2638B04A007A74FC /* HistoryView.swift */; };
		1125422C2638B04A007A74FC /* HistoryView.swift in Sources */ = {isa = PBXBuildFile; fileRef = 1125422A2638B04A007A74FC /* HistoryView.swift */; };
		112AC35E25F5D02E0064FA09 /* GoogleService-Info.plist in Resources */ = {isa = PBXBuildFile; fileRef = 112AC35D25F5D02E0064FA09 /* GoogleService-Info.plist */; };
		112AC35F25F5D02E0064FA09 /* GoogleService-Info.plist in Resources */ = {isa = PBXBuildFile; fileRef = 112AC35D25F5D02E0064FA09 /* GoogleService-Info.plist */; };
		1135C8DD27A3BC4200E4D2CB /* AlertViews.swift in Sources */ = {isa = PBXBuildFile; fileRef = 1135C8DC27A3BC4200E4D2CB /* AlertViews.swift */; };
		1135C8DE27A3BC4200E4D2CB /* AlertViews.swift in Sources */ = {isa = PBXBuildFile; fileRef = 1135C8DC27A3BC4200E4D2CB /* AlertViews.swift */; };
		113DE8FC256C887F00C19DD2 /* Tests_iOS.swift in Sources */ = {isa = PBXBuildFile; fileRef = 113DE8FB256C887F00C19DD2 /* Tests_iOS.swift */; };
		113DE907256C887F00C19DD2 /* Tests_macOS.swift in Sources */ = {isa = PBXBuildFile; fileRef = 113DE906256C887F00C19DD2 /* Tests_macOS.swift */; };
		113DE909256C887F00C19DD2 /* SpiritPointsiOSAppApp.swift in Sources */ = {isa = PBXBuildFile; fileRef = 113DE8E0256C887E00C19DD2 /* SpiritPointsiOSAppApp.swift */; };
		113DE90A256C887F00C19DD2 /* SpiritPointsiOSAppApp.swift in Sources */ = {isa = PBXBuildFile; fileRef = 113DE8E0256C887E00C19DD2 /* SpiritPointsiOSAppApp.swift */; };
		113DE90B256C887F00C19DD2 /* ContentView.swift in Sources */ = {isa = PBXBuildFile; fileRef = 113DE8E1256C887E00C19DD2 /* ContentView.swift */; };
		113DE90C256C887F00C19DD2 /* ContentView.swift in Sources */ = {isa = PBXBuildFile; fileRef = 113DE8E1256C887E00C19DD2 /* ContentView.swift */; };
		113DE90D256C887F00C19DD2 /* Assets.xcassets in Resources */ = {isa = PBXBuildFile; fileRef = 113DE8E2256C887F00C19DD2 /* Assets.xcassets */; };
		113DE90E256C887F00C19DD2 /* Assets.xcassets in Resources */ = {isa = PBXBuildFile; fileRef = 113DE8E2256C887F00C19DD2 /* Assets.xcassets */; };
		1166BCCC263E291700F079D4 /* UsersView.swift in Sources */ = {isa = PBXBuildFile; fileRef = 1166BCCB263E291700F079D4 /* UsersView.swift */; };
		1166BCCD263E291700F079D4 /* UsersView.swift in Sources */ = {isa = PBXBuildFile; fileRef = 1166BCCB263E291700F079D4 /* UsersView.swift */; };
		11ABC210260BD63900F0DF97 /* LogInView.swift in Sources */ = {isa = PBXBuildFile; fileRef = 11ABC20F260BD63900F0DF97 /* LogInView.swift */; };
		11ABC211260BD63900F0DF97 /* LogInView.swift in Sources */ = {isa = PBXBuildFile; fileRef = 11ABC20F260BD63900F0DF97 /* LogInView.swift */; };
		4F2B2224B06AE1854BBE6604 /* Pods_SpiritPointsiOSApp__iOS_.framework in Frameworks */ = {isa = PBXBuildFile; fileRef = AA08B5DD3B1B105A0D7DDDA7 /* Pods_SpiritPointsiOSApp__iOS_.framework */; };
		B4BF63098A7B765A221490FA /* Pods_SpiritPointsiOSApp__macOS_.framework in Frameworks */ = {isa = PBXBuildFile; fileRef = 15787796590CD905F76D21D1 /* Pods_SpiritPointsiOSApp__macOS_.framework */; };
		F683F8AE26278CFA00BE9F0B /* SwiftUICharts in Frameworks */ = {isa = PBXBuildFile; productRef = F683F8AD26278CFA00BE9F0B /* SwiftUICharts */; };
/* End PBXBuildFile section */

/* Begin PBXContainerItemProxy section */
		113DE8F8256C887F00C19DD2 /* PBXContainerItemProxy */ = {
			isa = PBXContainerItemProxy;
			containerPortal = 113DE8DB256C887E00C19DD2 /* Project object */;
			proxyType = 1;
			remoteGlobalIDString = 113DE8E6256C887F00C19DD2;
			remoteInfo = "SpiritPointsiOSApp (iOS)";
		};
		113DE903256C887F00C19DD2 /* PBXContainerItemProxy */ = {
			isa = PBXContainerItemProxy;
			containerPortal = 113DE8DB256C887E00C19DD2 /* Project object */;
			proxyType = 1;
			remoteGlobalIDString = 113DE8EE256C887F00C19DD2;
			remoteInfo = "SpiritPointsiOSApp (macOS)";
		};
/* End PBXContainerItemProxy section */

/* Begin PBXFileReference section */
		07A20A2DADA2786275B1CE49 /* Pods-SpiritPointsiOSApp (macOS).debug.xcconfig */ = {isa = PBXFileReference; includeInIndex = 1; lastKnownFileType = text.xcconfig; name = "Pods-SpiritPointsiOSApp (macOS).debug.xcconfig"; path = "Target Support Files/Pods-SpiritPointsiOSApp (macOS)/Pods-SpiritPointsiOSApp (macOS).debug.xcconfig"; sourceTree = "<group>"; };
		1125422A2638B04A007A74FC /* HistoryView.swift */ = {isa = PBXFileReference; lastKnownFileType = sourcecode.swift; path = HistoryView.swift; sourceTree = "<group>"; };
		112AC35D25F5D02E0064FA09 /* GoogleService-Info.plist */ = {isa = PBXFileReference; fileEncoding = 4; lastKnownFileType = text.plist.xml; path = "GoogleService-Info.plist"; sourceTree = "<group>"; };
		1135C8DC27A3BC4200E4D2CB /* AlertViews.swift */ = {isa = PBXFileReference; lastKnownFileType = sourcecode.swift; path = AlertViews.swift; sourceTree = "<group>"; };
		113DE8E0256C887E00C19DD2 /* SpiritPointsiOSAppApp.swift */ = {isa = PBXFileReference; lastKnownFileType = sourcecode.swift; path = SpiritPointsiOSAppApp.swift; sourceTree = "<group>"; };
		113DE8E1256C887E00C19DD2 /* ContentView.swift */ = {isa = PBXFileReference; lastKnownFileType = sourcecode.swift; path = ContentView.swift; sourceTree = "<group>"; };
		113DE8E2256C887F00C19DD2 /* Assets.xcassets */ = {isa = PBXFileReference; lastKnownFileType = folder.assetcatalog; path = Assets.xcassets; sourceTree = "<group>"; };
		113DE8E7256C887F00C19DD2 /* SpiritPointsiOSApp.app */ = {isa = PBXFileReference; explicitFileType = wrapper.application; includeInIndex = 0; path = SpiritPointsiOSApp.app; sourceTree = BUILT_PRODUCTS_DIR; };
		113DE8EA256C887F00C19DD2 /* Info.plist */ = {isa = PBXFileReference; lastKnownFileType = text.plist.xml; path = Info.plist; sourceTree = "<group>"; };
		113DE8EF256C887F00C19DD2 /* SpiritPointsiOSApp.app */ = {isa = PBXFileReference; explicitFileType = wrapper.application; includeInIndex = 0; path = SpiritPointsiOSApp.app; sourceTree = BUILT_PRODUCTS_DIR; };
		113DE8F1256C887F00C19DD2 /* Info.plist */ = {isa = PBXFileReference; lastKnownFileType = text.plist.xml; path = Info.plist; sourceTree = "<group>"; };
		113DE8F2256C887F00C19DD2 /* macOS.entitlements */ = {isa = PBXFileReference; lastKnownFileType = text.plist.entitlements; path = macOS.entitlements; sourceTree = "<group>"; };
		113DE8F7256C887F00C19DD2 /* Tests iOS.xctest */ = {isa = PBXFileReference; explicitFileType = wrapper.cfbundle; includeInIndex = 0; path = "Tests iOS.xctest"; sourceTree = BUILT_PRODUCTS_DIR; };
		113DE8FB256C887F00C19DD2 /* Tests_iOS.swift */ = {isa = PBXFileReference; lastKnownFileType = sourcecode.swift; path = Tests_iOS.swift; sourceTree = "<group>"; };
		113DE8FD256C887F00C19DD2 /* Info.plist */ = {isa = PBXFileReference; lastKnownFileType = text.plist.xml; path = Info.plist; sourceTree = "<group>"; };
		113DE902256C887F00C19DD2 /* Tests macOS.xctest */ = {isa = PBXFileReference; explicitFileType = wrapper.cfbundle; includeInIndex = 0; path = "Tests macOS.xctest"; sourceTree = BUILT_PRODUCTS_DIR; };
		113DE906256C887F00C19DD2 /* Tests_macOS.swift */ = {isa = PBXFileReference; lastKnownFileType = sourcecode.swift; path = Tests_macOS.swift; sourceTree = "<group>"; };
		113DE908256C887F00C19DD2 /* Info.plist */ = {isa = PBXFileReference; lastKnownFileType = text.plist.xml; path = Info.plist; sourceTree = "<group>"; };
		1166BCCB263E291700F079D4 /* UsersView.swift */ = {isa = PBXFileReference; lastKnownFileType = sourcecode.swift; path = UsersView.swift; sourceTree = "<group>"; };
		11ABC20F260BD63900F0DF97 /* LogInView.swift */ = {isa = PBXFileReference; lastKnownFileType = sourcecode.swift; path = LogInView.swift; sourceTree = "<group>"; };
		15787796590CD905F76D21D1 /* Pods_SpiritPointsiOSApp__macOS_.framework */ = {isa = PBXFileReference; explicitFileType = wrapper.framework; includeInIndex = 0; path = Pods_SpiritPointsiOSApp__macOS_.framework; sourceTree = BUILT_PRODUCTS_DIR; };
		1944C82AABD430AC8FFDA3A2 /* Pods-SpiritPointsiOSApp (iOS).release.xcconfig */ = {isa = PBXFileReference; includeInIndex = 1; lastKnownFileType = text.xcconfig; name = "Pods-SpiritPointsiOSApp (iOS).release.xcconfig"; path = "Target Support Files/Pods-SpiritPointsiOSApp (iOS)/Pods-SpiritPointsiOSApp (iOS).release.xcconfig"; sourceTree = "<group>"; };
		66C527BF125BFC26FE87F50C /* Pods-SpiritPointsiOSApp (macOS).release.xcconfig */ = {isa = PBXFileReference; includeInIndex = 1; lastKnownFileType = text.xcconfig; name = "Pods-SpiritPointsiOSApp (macOS).release.xcconfig"; path = "Target Support Files/Pods-SpiritPointsiOSApp (macOS)/Pods-SpiritPointsiOSApp (macOS).release.xcconfig"; sourceTree = "<group>"; };
		AA08B5DD3B1B105A0D7DDDA7 /* Pods_SpiritPointsiOSApp__iOS_.framework */ = {isa = PBXFileReference; explicitFileType = wrapper.framework; includeInIndex = 0; path = Pods_SpiritPointsiOSApp__iOS_.framework; sourceTree = BUILT_PRODUCTS_DIR; };
		D7137174D44810650BB32491 /* Pods-SpiritPointsiOSApp (iOS).debug.xcconfig */ = {isa = PBXFileReference; includeInIndex = 1; lastKnownFileType = text.xcconfig; name = "Pods-SpiritPointsiOSApp (iOS).debug.xcconfig"; path = "Target Support Files/Pods-SpiritPointsiOSApp (iOS)/Pods-SpiritPointsiOSApp (iOS).debug.xcconfig"; sourceTree = "<group>"; };
/* End PBXFileReference section */

/* Begin PBXFrameworksBuildPhase section */
		113DE8E4256C887F00C19DD2 /* Frameworks */ = {
			isa = PBXFrameworksBuildPhase;
			buildActionMask = 2147483647;
			files = (
				4F2B2224B06AE1854BBE6604 /* Pods_SpiritPointsiOSApp__iOS_.framework in Frameworks */,
				F683F8AE26278CFA00BE9F0B /* SwiftUICharts in Frameworks */,
			);
			runOnlyForDeploymentPostprocessing = 0;
		};
		113DE8EC256C887F00C19DD2 /* Frameworks */ = {
			isa = PBXFrameworksBuildPhase;
			buildActionMask = 2147483647;
			files = (
				B4BF63098A7B765A221490FA /* Pods_SpiritPointsiOSApp__macOS_.framework in Frameworks */,
			);
			runOnlyForDeploymentPostprocessing = 0;
		};
		113DE8F4256C887F00C19DD2 /* Frameworks */ = {
			isa = PBXFrameworksBuildPhase;
			buildActionMask = 2147483647;
			files = (
			);
			runOnlyForDeploymentPostprocessing = 0;
		};
		113DE8FF256C887F00C19DD2 /* Frameworks */ = {
			isa = PBXFrameworksBuildPhase;
			buildActionMask = 2147483647;
			files = (
			);
			runOnlyForDeploymentPostprocessing = 0;
		};
/* End PBXFrameworksBuildPhase section */

/* Begin PBXGroup section */
		113DE8DA256C887E00C19DD2 = {
			isa = PBXGroup;
			children = (
				113DE8DF256C887E00C19DD2 /* Shared */,
				113DE8E9256C887F00C19DD2 /* iOS */,
				113DE8F0256C887F00C19DD2 /* macOS */,
				113DE8FA256C887F00C19DD2 /* Tests iOS */,
				113DE905256C887F00C19DD2 /* Tests macOS */,
				113DE8E8256C887F00C19DD2 /* Products */,
				76B88BE08A8763D9B46841F7 /* Pods */,
				63BB099260CD35827027DD06 /* Frameworks */,
			);
			sourceTree = "<group>";
		};
		113DE8DF256C887E00C19DD2 /* Shared */ = {
			isa = PBXGroup;
			children = (
				113DE8E0256C887E00C19DD2 /* SpiritPointsiOSAppApp.swift */,
				113DE8E1256C887E00C19DD2 /* ContentView.swift */,
				1135C8DC27A3BC4200E4D2CB /* AlertViews.swift */,
				1125422A2638B04A007A74FC /* HistoryView.swift */,
				1166BCCB263E291700F079D4 /* UsersView.swift */,
				11ABC20F260BD63900F0DF97 /* LogInView.swift */,
				113DE8E2256C887F00C19DD2 /* Assets.xcassets */,
				112AC35D25F5D02E0064FA09 /* GoogleService-Info.plist */,
			);
			path = Shared;
			sourceTree = "<group>";
		};
		113DE8E8256C887F00C19DD2 /* Products */ = {
			isa = PBXGroup;
			children = (
				113DE8E7256C887F00C19DD2 /* SpiritPointsiOSApp.app */,
				113DE8EF256C887F00C19DD2 /* SpiritPointsiOSApp.app */,
				113DE8F7256C887F00C19DD2 /* Tests iOS.xctest */,
				113DE902256C887F00C19DD2 /* Tests macOS.xctest */,
			);
			name = Products;
			sourceTree = "<group>";
		};
		113DE8E9256C887F00C19DD2 /* iOS */ = {
			isa = PBXGroup;
			children = (
				113DE8EA256C887F00C19DD2 /* Info.plist */,
			);
			path = iOS;
			sourceTree = "<group>";
		};
		113DE8F0256C887F00C19DD2 /* macOS */ = {
			isa = PBXGroup;
			children = (
				113DE8F1256C887F00C19DD2 /* Info.plist */,
				113DE8F2256C887F00C19DD2 /* macOS.entitlements */,
			);
			path = macOS;
			sourceTree = "<group>";
		};
		113DE8FA256C887F00C19DD2 /* Tests iOS */ = {
			isa = PBXGroup;
			children = (
				113DE8FB256C887F00C19DD2 /* Tests_iOS.swift */,
				113DE8FD256C887F00C19DD2 /* Info.plist */,
			);
			path = "Tests iOS";
			sourceTree = "<group>";
		};
		113DE905256C887F00C19DD2 /* Tests macOS */ = {
			isa = PBXGroup;
			children = (
				113DE906256C887F00C19DD2 /* Tests_macOS.swift */,
				113DE908256C887F00C19DD2 /* Info.plist */,
			);
			path = "Tests macOS";
			sourceTree = "<group>";
		};
		63BB099260CD35827027DD06 /* Frameworks */ = {
			isa = PBXGroup;
			children = (
				AA08B5DD3B1B105A0D7DDDA7 /* Pods_SpiritPointsiOSApp__iOS_.framework */,
				15787796590CD905F76D21D1 /* Pods_SpiritPointsiOSApp__macOS_.framework */,
			);
			name = Frameworks;
			sourceTree = "<group>";
		};
		76B88BE08A8763D9B46841F7 /* Pods */ = {
			isa = PBXGroup;
			children = (
				D7137174D44810650BB32491 /* Pods-SpiritPointsiOSApp (iOS).debug.xcconfig */,
				1944C82AABD430AC8FFDA3A2 /* Pods-SpiritPointsiOSApp (iOS).release.xcconfig */,
				07A20A2DADA2786275B1CE49 /* Pods-SpiritPointsiOSApp (macOS).debug.xcconfig */,
				66C527BF125BFC26FE87F50C /* Pods-SpiritPointsiOSApp (macOS).release.xcconfig */,
			);
			path = Pods;
			sourceTree = "<group>";
		};
/* End PBXGroup section */

/* Begin PBXNativeTarget section */
		113DE8E6256C887F00C19DD2 /* SpiritPointsiOSApp (iOS) */ = {
			isa = PBXNativeTarget;
			buildConfigurationList = 113DE911256C887F00C19DD2 /* Build configuration list for PBXNativeTarget "SpiritPointsiOSApp (iOS)" */;
			buildPhases = (
				F045DA6F33B696C8B39DDD39 /* [CP] Check Pods Manifest.lock */,
				113DE8E3256C887F00C19DD2 /* Sources */,
				113DE8E4256C887F00C19DD2 /* Frameworks */,
				113DE8E5256C887F00C19DD2 /* Resources */,
				A50774FCFD2635A7EB2DAB1E /* [CP] Embed Pods Frameworks */,
			);
			buildRules = (
			);
			dependencies = (
			);
			name = "SpiritPointsiOSApp (iOS)";
			packageProductDependencies = (
				F683F8AD26278CFA00BE9F0B /* SwiftUICharts */,
			);
			productName = "SpiritPointsiOSApp (iOS)";
			productReference = 113DE8E7256C887F00C19DD2 /* SpiritPointsiOSApp.app */;
			productType = "com.apple.product-type.application";
		};
		113DE8EE256C887F00C19DD2 /* SpiritPointsiOSApp (macOS) */ = {
			isa = PBXNativeTarget;
			buildConfigurationList = 113DE914256C887F00C19DD2 /* Build configuration list for PBXNativeTarget "SpiritPointsiOSApp (macOS)" */;
			buildPhases = (
				9C38568DECB11E8A6478D78D /* [CP] Check Pods Manifest.lock */,
				113DE8EB256C887F00C19DD2 /* Sources */,
				113DE8EC256C887F00C19DD2 /* Frameworks */,
				113DE8ED256C887F00C19DD2 /* Resources */,
			);
			buildRules = (
			);
			dependencies = (
			);
			name = "SpiritPointsiOSApp (macOS)";
			productName = "SpiritPointsiOSApp (macOS)";
			productReference = 113DE8EF256C887F00C19DD2 /* SpiritPointsiOSApp.app */;
			productType = "com.apple.product-type.application";
		};
		113DE8F6256C887F00C19DD2 /* Tests iOS */ = {
			isa = PBXNativeTarget;
			buildConfigurationList = 113DE917256C887F00C19DD2 /* Build configuration list for PBXNativeTarget "Tests iOS" */;
			buildPhases = (
				113DE8F3256C887F00C19DD2 /* Sources */,
				113DE8F4256C887F00C19DD2 /* Frameworks */,
				113DE8F5256C887F00C19DD2 /* Resources */,
			);
			buildRules = (
			);
			dependencies = (
				113DE8F9256C887F00C19DD2 /* PBXTargetDependency */,
			);
			name = "Tests iOS";
			productName = "Tests iOS";
			productReference = 113DE8F7256C887F00C19DD2 /* Tests iOS.xctest */;
			productType = "com.apple.product-type.bundle.ui-testing";
		};
		113DE901256C887F00C19DD2 /* Tests macOS */ = {
			isa = PBXNativeTarget;
			buildConfigurationList = 113DE91A256C887F00C19DD2 /* Build configuration list for PBXNativeTarget "Tests macOS" */;
			buildPhases = (
				113DE8FE256C887F00C19DD2 /* Sources */,
				113DE8FF256C887F00C19DD2 /* Frameworks */,
				113DE900256C887F00C19DD2 /* Resources */,
			);
			buildRules = (
			);
			dependencies = (
				113DE904256C887F00C19DD2 /* PBXTargetDependency */,
			);
			name = "Tests macOS";
			productName = "Tests macOS";
			productReference = 113DE902256C887F00C19DD2 /* Tests macOS.xctest */;
			productType = "com.apple.product-type.bundle.ui-testing";
		};
/* End PBXNativeTarget section */

/* Begin PBXProject section */
		113DE8DB256C887E00C19DD2 /* Project object */ = {
			isa = PBXProject;
			attributes = {
				LastSwiftUpdateCheck = 1220;
				LastUpgradeCheck = 1220;
				TargetAttributes = {
					113DE8E6256C887F00C19DD2 = {
						CreatedOnToolsVersion = 12.2;
					};
					113DE8EE256C887F00C19DD2 = {
						CreatedOnToolsVersion = 12.2;
					};
					113DE8F6256C887F00C19DD2 = {
						CreatedOnToolsVersion = 12.2;
						TestTargetID = 113DE8E6256C887F00C19DD2;
					};
					113DE901256C887F00C19DD2 = {
						CreatedOnToolsVersion = 12.2;
						TestTargetID = 113DE8EE256C887F00C19DD2;
					};
				};
			};
			buildConfigurationList = 113DE8DE256C887E00C19DD2 /* Build configuration list for PBXProject "SpiritPointsiOSApp" */;
			compatibilityVersion = "Xcode 9.3";
			developmentRegion = en;
			hasScannedForEncodings = 0;
			knownRegions = (
				en,
				Base,
			);
			mainGroup = 113DE8DA256C887E00C19DD2;
			packageReferences = (
				F683F8AC26278CFA00BE9F0B /* XCRemoteSwiftPackageReference "ChartView" */,
			);
			productRefGroup = 113DE8E8256C887F00C19DD2 /* Products */;
			projectDirPath = "";
			projectRoot = "";
			targets = (
				113DE8E6256C887F00C19DD2 /* SpiritPointsiOSApp (iOS) */,
				113DE8EE256C887F00C19DD2 /* SpiritPointsiOSApp (macOS) */,
				113DE8F6256C887F00C19DD2 /* Tests iOS */,
				113DE901256C887F00C19DD2 /* Tests macOS */,
			);
		};
/* End PBXProject section */

/* Begin PBXResourcesBuildPhase section */
		113DE8E5256C887F00C19DD2 /* Resources */ = {
			isa = PBXResourcesBuildPhase;
			buildActionMask = 2147483647;
			files = (
				112AC35E25F5D02E0064FA09 /* GoogleService-Info.plist in Resources */,
				113DE90D256C887F00C19DD2 /* Assets.xcassets in Resources */,
			);
			runOnlyForDeploymentPostprocessing = 0;
		};
		113DE8ED256C887F00C19DD2 /* Resources */ = {
			isa = PBXResourcesBuildPhase;
			buildActionMask = 2147483647;
			files = (
				112AC35F25F5D02E0064FA09 /* GoogleService-Info.plist in Resources */,
				113DE90E256C887F00C19DD2 /* Assets.xcassets in Resources */,
			);
			runOnlyForDeploymentPostprocessing = 0;
		};
		113DE8F5256C887F00C19DD2 /* Resources */ = {
			isa = PBXResourcesBuildPhase;
			buildActionMask = 2147483647;
			files = (
			);
			runOnlyForDeploymentPostprocessing = 0;
		};
		113DE900256C887F00C19DD2 /* Resources */ = {
			isa = PBXResourcesBuildPhase;
			buildActionMask = 2147483647;
			files = (
			);
			runOnlyForDeploymentPostprocessing = 0;
		};
/* End PBXResourcesBuildPhase section */

/* Begin PBXShellScriptBuildPhase section */
		9C38568DECB11E8A6478D78D /* [CP] Check Pods Manifest.lock */ = {
			isa = PBXShellScriptBuildPhase;
			buildActionMask = 2147483647;
			files = (
			);
			inputFileListPaths = (
			);
			inputPaths = (
				"${PODS_PODFILE_DIR_PATH}/Podfile.lock",
				"${PODS_ROOT}/Manifest.lock",
			);
			name = "[CP] Check Pods Manifest.lock";
			outputFileListPaths = (
			);
			outputPaths = (
				"$(DERIVED_FILE_DIR)/Pods-SpiritPointsiOSApp (macOS)-checkManifestLockResult.txt",
			);
			runOnlyForDeploymentPostprocessing = 0;
			shellPath = /bin/sh;
			shellScript = "diff \"${PODS_PODFILE_DIR_PATH}/Podfile.lock\" \"${PODS_ROOT}/Manifest.lock\" > /dev/null\nif [ $? != 0 ] ; then\n    # print error to STDERR\n    echo \"error: The sandbox is not in sync with the Podfile.lock. Run 'pod install' or update your CocoaPods installation.\" >&2\n    exit 1\nfi\n# This output is used by Xcode 'outputs' to avoid re-running this script phase.\necho \"SUCCESS\" > \"${SCRIPT_OUTPUT_FILE_0}\"\n";
			showEnvVarsInLog = 0;
		};
		A50774FCFD2635A7EB2DAB1E /* [CP] Embed Pods Frameworks */ = {
			isa = PBXShellScriptBuildPhase;
			buildActionMask = 2147483647;
			files = (
			);
			inputFileListPaths = (
				"${PODS_ROOT}/Target Support Files/Pods-SpiritPointsiOSApp (iOS)/Pods-SpiritPointsiOSApp (iOS)-frameworks-${CONFIGURATION}-input-files.xcfilelist",
			);
			name = "[CP] Embed Pods Frameworks";
			outputFileListPaths = (
				"${PODS_ROOT}/Target Support Files/Pods-SpiritPointsiOSApp (iOS)/Pods-SpiritPointsiOSApp (iOS)-frameworks-${CONFIGURATION}-output-files.xcfilelist",
			);
			runOnlyForDeploymentPostprocessing = 0;
			shellPath = /bin/sh;
			shellScript = "\"${PODS_ROOT}/Target Support Files/Pods-SpiritPointsiOSApp (iOS)/Pods-SpiritPointsiOSApp (iOS)-frameworks.sh\"\n";
			showEnvVarsInLog = 0;
		};
		F045DA6F33B696C8B39DDD39 /* [CP] Check Pods Manifest.lock */ = {
			isa = PBXShellScriptBuildPhase;
			buildActionMask = 2147483647;
			files = (
			);
			inputFileListPaths = (
			);
			inputPaths = (
				"${PODS_PODFILE_DIR_PATH}/Podfile.lock",
				"${PODS_ROOT}/Manifest.lock",
			);
			name = "[CP] Check Pods Manifest.lock";
			outputFileListPaths = (
			);
			outputPaths = (
				"$(DERIVED_FILE_DIR)/Pods-SpiritPointsiOSApp (iOS)-checkManifestLockResult.txt",
			);
			runOnlyForDeploymentPostprocessing = 0;
			shellPath = /bin/sh;
			shellScript = "diff \"${PODS_PODFILE_DIR_PATH}/Podfile.lock\" \"${PODS_ROOT}/Manifest.lock\" > /dev/null\nif [ $? != 0 ] ; then\n    # print error to STDERR\n    echo \"error: The sandbox is not in sync with the Podfile.lock. Run 'pod install' or update your CocoaPods installation.\" >&2\n    exit 1\nfi\n# This output is used by Xcode 'outputs' to avoid re-running this script phase.\necho \"SUCCESS\" > \"${SCRIPT_OUTPUT_FILE_0}\"\n";
			showEnvVarsInLog = 0;
		};
/* End PBXShellScriptBuildPhase section */

/* Begin PBXSourcesBuildPhase section */
		113DE8E3256C887F00C19DD2 /* Sources */ = {
			isa = PBXSourcesBuildPhase;
			buildActionMask = 2147483647;
			files = (
				1166BCCC263E291700F079D4 /* UsersView.swift in Sources */,
				11ABC210260BD63900F0DF97 /* LogInView.swift in Sources */,
				1125422B2638B04A007A74FC /* HistoryView.swift in Sources */,
				113DE90B256C887F00C19DD2 /* ContentView.swift in Sources */,
				113DE909256C887F00C19DD2 /* SpiritPointsiOSAppApp.swift in Sources */,
				1135C8DD27A3BC4200E4D2CB /* AlertViews.swift in Sources */,
			);
			runOnlyForDeploymentPostprocessing = 0;
		};
		113DE8EB256C887F00C19DD2 /* Sources */ = {
			isa = PBXSourcesBuildPhase;
			buildActionMask = 2147483647;
			files = (
				1166BCCD263E291700F079D4 /* UsersView.swift in Sources */,
				11ABC211260BD63900F0DF97 /* LogInView.swift in Sources */,
				1125422C2638B04A007A74FC /* HistoryView.swift in Sources */,
				113DE90C256C887F00C19DD2 /* ContentView.swift in Sources */,
				113DE90A256C887F00C19DD2 /* SpiritPointsiOSAppApp.swift in Sources */,
				1135C8DE27A3BC4200E4D2CB /* AlertViews.swift in Sources */,
			);
			runOnlyForDeploymentPostprocessing = 0;
		};
		113DE8F3256C887F00C19DD2 /* Sources */ = {
			isa = PBXSourcesBuildPhase;
			buildActionMask = 2147483647;
			files = (
				113DE8FC256C887F00C19DD2 /* Tests_iOS.swift in Sources */,
			);
			runOnlyForDeploymentPostprocessing = 0;
		};
		113DE8FE256C887F00C19DD2 /* Sources */ = {
			isa = PBXSourcesBuildPhase;
			buildActionMask = 2147483647;
			files = (
				113DE907256C887F00C19DD2 /* Tests_macOS.swift in Sources */,
			);
			runOnlyForDeploymentPostprocessing = 0;
		};
/* End PBXSourcesBuildPhase section */

/* Begin PBXTargetDependency section */
		113DE8F9256C887F00C19DD2 /* PBXTargetDependency */ = {
			isa = PBXTargetDependency;
			target = 113DE8E6256C887F00C19DD2 /* SpiritPointsiOSApp (iOS) */;
			targetProxy = 113DE8F8256C887F00C19DD2 /* PBXContainerItemProxy */;
		};
		113DE904256C887F00C19DD2 /* PBXTargetDependency */ = {
			isa = PBXTargetDependency;
			target = 113DE8EE256C887F00C19DD2 /* SpiritPointsiOSApp (macOS) */;
			targetProxy = 113DE903256C887F00C19DD2 /* PBXContainerItemProxy */;
		};
/* End PBXTargetDependency section */

/* Begin XCBuildConfiguration section */
		113DE90F256C887F00C19DD2 /* Debug */ = {
			isa = XCBuildConfiguration;
			buildSettings = {
				ALWAYS_SEARCH_USER_PATHS = NO;
				CLANG_ANALYZER_NONNULL = YES;
				CLANG_ANALYZER_NUMBER_OBJECT_CONVERSION = YES_AGGRESSIVE;
				CLANG_CXX_LANGUAGE_STANDARD = "gnu++14";
				CLANG_CXX_LIBRARY = "libc++";
				CLANG_ENABLE_MODULES = YES;
				CLANG_ENABLE_OBJC_ARC = YES;
				CLANG_ENABLE_OBJC_WEAK = YES;
				CLANG_WARN_BLOCK_CAPTURE_AUTORELEASING = YES;
				CLANG_WARN_BOOL_CONVERSION = YES;
				CLANG_WARN_COMMA = YES;
				CLANG_WARN_CONSTANT_CONVERSION = YES;
				CLANG_WARN_DEPRECATED_OBJC_IMPLEMENTATIONS = YES;
				CLANG_WARN_DIRECT_OBJC_ISA_USAGE = YES_ERROR;
				CLANG_WARN_DOCUMENTATION_COMMENTS = YES;
				CLANG_WARN_EMPTY_BODY = YES;
				CLANG_WARN_ENUM_CONVERSION = YES;
				CLANG_WARN_INFINITE_RECURSION = YES;
				CLANG_WARN_INT_CONVERSION = YES;
				CLANG_WARN_NON_LITERAL_NULL_CONVERSION = YES;
				CLANG_WARN_OBJC_IMPLICIT_RETAIN_SELF = YES;
				CLANG_WARN_OBJC_LITERAL_CONVERSION = YES;
				CLANG_WARN_OBJC_ROOT_CLASS = YES_ERROR;
				CLANG_WARN_QUOTED_INCLUDE_IN_FRAMEWORK_HEADER = YES;
				CLANG_WARN_RANGE_LOOP_ANALYSIS = YES;
				CLANG_WARN_STRICT_PROTOTYPES = YES;
				CLANG_WARN_SUSPICIOUS_MOVE = YES;
				CLANG_WARN_UNGUARDED_AVAILABILITY = YES_AGGRESSIVE;
				CLANG_WARN_UNREACHABLE_CODE = YES;
				CLANG_WARN__DUPLICATE_METHOD_MATCH = YES;
				COPY_PHASE_STRIP = NO;
				DEBUG_INFORMATION_FORMAT = dwarf;
				ENABLE_STRICT_OBJC_MSGSEND = YES;
				ENABLE_TESTABILITY = YES;
				GCC_C_LANGUAGE_STANDARD = gnu11;
				GCC_DYNAMIC_NO_PIC = NO;
				GCC_NO_COMMON_BLOCKS = YES;
				GCC_OPTIMIZATION_LEVEL = 0;
				GCC_PREPROCESSOR_DEFINITIONS = (
					"DEBUG=1",
					"$(inherited)",
				);
				GCC_WARN_64_TO_32_BIT_CONVERSION = YES;
				GCC_WARN_ABOUT_RETURN_TYPE = YES_ERROR;
				GCC_WARN_UNDECLARED_SELECTOR = YES;
				GCC_WARN_UNINITIALIZED_AUTOS = YES_AGGRESSIVE;
				GCC_WARN_UNUSED_FUNCTION = YES;
				GCC_WARN_UNUSED_VARIABLE = YES;
				MTL_ENABLE_DEBUG_INFO = INCLUDE_SOURCE;
				MTL_FAST_MATH = YES;
				ONLY_ACTIVE_ARCH = YES;
				SWIFT_ACTIVE_COMPILATION_CONDITIONS = DEBUG;
				SWIFT_OPTIMIZATION_LEVEL = "-Onone";
			};
			name = Debug;
		};
		113DE910256C887F00C19DD2 /* Release */ = {
			isa = XCBuildConfiguration;
			buildSettings = {
				ALWAYS_SEARCH_USER_PATHS = NO;
				CLANG_ANALYZER_NONNULL = YES;
				CLANG_ANALYZER_NUMBER_OBJECT_CONVERSION = YES_AGGRESSIVE;
				CLANG_CXX_LANGUAGE_STANDARD = "gnu++14";
				CLANG_CXX_LIBRARY = "libc++";
				CLANG_ENABLE_MODULES = YES;
				CLANG_ENABLE_OBJC_ARC = YES;
				CLANG_ENABLE_OBJC_WEAK = YES;
				CLANG_WARN_BLOCK_CAPTURE_AUTORELEASING = YES;
				CLANG_WARN_BOOL_CONVERSION = YES;
				CLANG_WARN_COMMA = YES;
				CLANG_WARN_CONSTANT_CONVERSION = YES;
				CLANG_WARN_DEPRECATED_OBJC_IMPLEMENTATIONS = YES;
				CLANG_WARN_DIRECT_OBJC_ISA_USAGE = YES_ERROR;
				CLANG_WARN_DOCUMENTATION_COMMENTS = YES;
				CLANG_WARN_EMPTY_BODY = YES;
				CLANG_WARN_ENUM_CONVERSION = YES;
				CLANG_WARN_INFINITE_RECURSION = YES;
				CLANG_WARN_INT_CONVERSION = YES;
				CLANG_WARN_NON_LITERAL_NULL_CONVERSION = YES;
				CLANG_WARN_OBJC_IMPLICIT_RETAIN_SELF = YES;
				CLANG_WARN_OBJC_LITERAL_CONVERSION = YES;
				CLANG_WARN_OBJC_ROOT_CLASS = YES_ERROR;
				CLANG_WARN_QUOTED_INCLUDE_IN_FRAMEWORK_HEADER = YES;
				CLANG_WARN_RANGE_LOOP_ANALYSIS = YES;
				CLANG_WARN_STRICT_PROTOTYPES = YES;
				CLANG_WARN_SUSPICIOUS_MOVE = YES;
				CLANG_WARN_UNGUARDED_AVAILABILITY = YES_AGGRESSIVE;
				CLANG_WARN_UNREACHABLE_CODE = YES;
				CLANG_WARN__DUPLICATE_METHOD_MATCH = YES;
				COPY_PHASE_STRIP = NO;
				DEBUG_INFORMATION_FORMAT = "dwarf-with-dsym";
				ENABLE_NS_ASSERTIONS = NO;
				ENABLE_STRICT_OBJC_MSGSEND = YES;
				GCC_C_LANGUAGE_STANDARD = gnu11;
				GCC_NO_COMMON_BLOCKS = YES;
				GCC_WARN_64_TO_32_BIT_CONVERSION = YES;
				GCC_WARN_ABOUT_RETURN_TYPE = YES_ERROR;
				GCC_WARN_UNDECLARED_SELECTOR = YES;
				GCC_WARN_UNINITIALIZED_AUTOS = YES_AGGRESSIVE;
				GCC_WARN_UNUSED_FUNCTION = YES;
				GCC_WARN_UNUSED_VARIABLE = YES;
				MTL_ENABLE_DEBUG_INFO = NO;
				MTL_FAST_MATH = YES;
				SWIFT_COMPILATION_MODE = wholemodule;
				SWIFT_OPTIMIZATION_LEVEL = "-O";
			};
			name = Release;
		};
		113DE912256C887F00C19DD2 /* Debug */ = {
			isa = XCBuildConfiguration;
			baseConfigurationReference = D7137174D44810650BB32491 /* Pods-SpiritPointsiOSApp (iOS).debug.xcconfig */;
			buildSettings = {
				ASSETCATALOG_COMPILER_APPICON_NAME = AppIcon;
				ASSETCATALOG_COMPILER_GLOBAL_ACCENT_COLOR_NAME = AccentColor;
				CODE_SIGN_STYLE = Automatic;
				DEVELOPMENT_TEAM = "";
				ENABLE_PREVIEWS = YES;
				INFOPLIST_FILE = iOS/Info.plist;
				IPHONEOS_DEPLOYMENT_TARGET = 14.0;
				LD_RUNPATH_SEARCH_PATHS = (
					"$(inherited)",
					"@executable_path/Frameworks",
				);
				PRODUCT_BUNDLE_IDENTIFIER = com.RosalieWessels.SpiritPointsiOSApp;
				PRODUCT_NAME = SpiritPointsiOSApp;
				SDKROOT = iphoneos;
				SWIFT_VERSION = 5.0;
				TARGETED_DEVICE_FAMILY = "1,2";
			};
			name = Debug;
		};
		113DE913256C887F00C19DD2 /* Release */ = {
			isa = XCBuildConfiguration;
			baseConfigurationReference = 1944C82AABD430AC8FFDA3A2 /* Pods-SpiritPointsiOSApp (iOS).release.xcconfig */;
			buildSettings = {
				ASSETCATALOG_COMPILER_APPICON_NAME = AppIcon;
				ASSETCATALOG_COMPILER_GLOBAL_ACCENT_COLOR_NAME = AccentColor;
				CODE_SIGN_STYLE = Automatic;
				DEVELOPMENT_TEAM = "";
				ENABLE_PREVIEWS = YES;
				INFOPLIST_FILE = iOS/Info.plist;
				IPHONEOS_DEPLOYMENT_TARGET = 14.0;
				LD_RUNPATH_SEARCH_PATHS = (
					"$(inherited)",
					"@executable_path/Frameworks",
				);
				PRODUCT_BUNDLE_IDENTIFIER = com.RosalieWessels.SpiritPointsiOSApp;
				PRODUCT_NAME = SpiritPointsiOSApp;
				SDKROOT = iphoneos;
				SWIFT_VERSION = 5.0;
				TARGETED_DEVICE_FAMILY = "1,2";
				VALIDATE_PRODUCT = YES;
			};
			name = Release;
		};
		113DE915256C887F00C19DD2 /* Debug */ = {
			isa = XCBuildConfiguration;
			baseConfigurationReference = 07A20A2DADA2786275B1CE49 /* Pods-SpiritPointsiOSApp (macOS).debug.xcconfig */;
			buildSettings = {
				ASSETCATALOG_COMPILER_APPICON_NAME = AppIcon;
				ASSETCATALOG_COMPILER_GLOBAL_ACCENT_COLOR_NAME = AccentColor;
				CODE_SIGN_ENTITLEMENTS = macOS/macOS.entitlements;
				CODE_SIGN_STYLE = Automatic;
				COMBINE_HIDPI_IMAGES = YES;
				ENABLE_PREVIEWS = YES;
				INFOPLIST_FILE = macOS/Info.plist;
				LD_RUNPATH_SEARCH_PATHS = (
					"$(inherited)",
					"@executable_path/../Frameworks",
				);
				MACOSX_DEPLOYMENT_TARGET = 11.0;
				PRODUCT_BUNDLE_IDENTIFIER = com.RosalieWessels.SpiritPointsiOSApp;
				PRODUCT_NAME = SpiritPointsiOSApp;
				SDKROOT = macosx;
				SWIFT_VERSION = 5.0;
			};
			name = Debug;
		};
		113DE916256C887F00C19DD2 /* Release */ = {
			isa = XCBuildConfiguration;
			baseConfigurationReference = 66C527BF125BFC26FE87F50C /* Pods-SpiritPointsiOSApp (macOS).release.xcconfig */;
			buildSettings = {
				ASSETCATALOG_COMPILER_APPICON_NAME = AppIcon;
				ASSETCATALOG_COMPILER_GLOBAL_ACCENT_COLOR_NAME = AccentColor;
				CODE_SIGN_ENTITLEMENTS = macOS/macOS.entitlements;
				CODE_SIGN_STYLE = Automatic;
				COMBINE_HIDPI_IMAGES = YES;
				ENABLE_PREVIEWS = YES;
				INFOPLIST_FILE = macOS/Info.plist;
				LD_RUNPATH_SEARCH_PATHS = (
					"$(inherited)",
					"@executable_path/../Frameworks",
				);
				MACOSX_DEPLOYMENT_TARGET = 11.0;
				PRODUCT_BUNDLE_IDENTIFIER = com.RosalieWessels.SpiritPointsiOSApp;
				PRODUCT_NAME = SpiritPointsiOSApp;
				SDKROOT = macosx;
				SWIFT_VERSION = 5.0;
			};
			name = Release;
		};
		113DE918256C887F00C19DD2 /* Debug */ = {
			isa = XCBuildConfiguration;
			buildSettings = {
				ALWAYS_EMBED_SWIFT_STANDARD_LIBRARIES = YES;
				CODE_SIGN_STYLE = Automatic;
				INFOPLIST_FILE = "Tests iOS/Info.plist";
				IPHONEOS_DEPLOYMENT_TARGET = 14.2;
				LD_RUNPATH_SEARCH_PATHS = (
					"$(inherited)",
					"@executable_path/Frameworks",
					"@loader_path/Frameworks",
				);
				PRODUCT_BUNDLE_IDENTIFIER = "com.RosalieWessels.Tests-iOS";
				PRODUCT_NAME = "$(TARGET_NAME)";
				SDKROOT = iphoneos;
				SWIFT_VERSION = 5.0;
				TARGETED_DEVICE_FAMILY = "1,2";
				TEST_TARGET_NAME = "SpiritPointsiOSApp (iOS)";
			};
			name = Debug;
		};
		113DE919256C887F00C19DD2 /* Release */ = {
			isa = XCBuildConfiguration;
			buildSettings = {
				ALWAYS_EMBED_SWIFT_STANDARD_LIBRARIES = YES;
				CODE_SIGN_STYLE = Automatic;
				INFOPLIST_FILE = "Tests iOS/Info.plist";
				IPHONEOS_DEPLOYMENT_TARGET = 14.2;
				LD_RUNPATH_SEARCH_PATHS = (
					"$(inherited)",
					"@executable_path/Frameworks",
					"@loader_path/Frameworks",
				);
				PRODUCT_BUNDLE_IDENTIFIER = "com.RosalieWessels.Tests-iOS";
				PRODUCT_NAME = "$(TARGET_NAME)";
				SDKROOT = iphoneos;
				SWIFT_VERSION = 5.0;
				TARGETED_DEVICE_FAMILY = "1,2";
				TEST_TARGET_NAME = "SpiritPointsiOSApp (iOS)";
				VALIDATE_PRODUCT = YES;
			};
			name = Release;
		};
		113DE91B256C887F00C19DD2 /* Debug */ = {
			isa = XCBuildConfiguration;
			buildSettings = {
				ALWAYS_EMBED_SWIFT_STANDARD_LIBRARIES = YES;
				CODE_SIGN_STYLE = Automatic;
				COMBINE_HIDPI_IMAGES = YES;
				INFOPLIST_FILE = "Tests macOS/Info.plist";
				LD_RUNPATH_SEARCH_PATHS = (
					"$(inherited)",
					"@executable_path/../Frameworks",
					"@loader_path/../Frameworks",
				);
				MACOSX_DEPLOYMENT_TARGET = 11.0;
				PRODUCT_BUNDLE_IDENTIFIER = "com.RosalieWessels.Tests-macOS";
				PRODUCT_NAME = "$(TARGET_NAME)";
				SDKROOT = macosx;
				SWIFT_VERSION = 5.0;
				TEST_TARGET_NAME = "SpiritPointsiOSApp (macOS)";
			};
			name = Debug;
		};
		113DE91C256C887F00C19DD2 /* Release */ = {
			isa = XCBuildConfiguration;
			buildSettings = {
				ALWAYS_EMBED_SWIFT_STANDARD_LIBRARIES = YES;
				CODE_SIGN_STYLE = Automatic;
				COMBINE_HIDPI_IMAGES = YES;
				INFOPLIST_FILE = "Tests macOS/Info.plist";
				LD_RUNPATH_SEARCH_PATHS = (
					"$(inherited)",
					"@executable_path/../Frameworks",
					"@loader_path/../Frameworks",
				);
				MACOSX_DEPLOYMENT_TARGET = 11.0;
				PRODUCT_BUNDLE_IDENTIFIER = "com.RosalieWessels.Tests-macOS";
				PRODUCT_NAME = "$(TARGET_NAME)";
				SDKROOT = macosx;
				SWIFT_VERSION = 5.0;
				TEST_TARGET_NAME = "SpiritPointsiOSApp (macOS)";
			};
			name = Release;
		};
/* End XCBuildConfiguration section */

/* Begin XCConfigurationList section */
		113DE8DE256C887E00C19DD2 /* Build configuration list for PBXProject "SpiritPointsiOSApp" */ = {
			isa = XCConfigurationList;
			buildConfigurations = (
				113DE90F256C887F00C19DD2 /* Debug */,
				113DE910256C887F00C19DD2 /* Release */,
			);
			defaultConfigurationIsVisible = 0;
			defaultConfigurationName = Release;
		};
		113DE911256C887F00C19DD2 /* Build configuration list for PBXNativeTarget "SpiritPointsiOSApp (iOS)" */ = {
			isa = XCConfigurationList;
			buildConfigurations = (
				113DE912256C887F00C19DD2 /* Debug */,
				113DE913256C887F00C19DD2 /* Release */,
			);
			defaultConfigurationIsVisible = 0;
			defaultConfigurationName = Release;
		};
		113DE914256C887F00C19DD2 /* Build configuration list for PBXNativeTarget "SpiritPointsiOSApp (macOS)" */ = {
			isa = XCConfigurationList;
			buildConfigurations = (
				113DE915256C887F00C19DD2 /* Debug */,
				113DE916256C887F00C19DD2 /* Release */,
			);
			defaultConfigurationIsVisible = 0;
			defaultConfigurationName = Release;
		};
		113DE917256C887F00C19DD2 /* Build configuration list for PBXNativeTarget "Tests iOS" */ = {
			isa = XCConfigurationList;
			buildConfigurations = (
				113DE918256C887F00C19DD2 /* Debug */,
				113DE919256C887F00C19DD2 /* Release */,
			);
			defaultConfigurationIsVisible = 0;
			defaultConfigurationName = Release;
		};
		113DE91A256C887F00C19DD2 /* Build configuration list for PBXNativeTarget "Tests macOS" */ = {
			isa = XCConfigurationList;
			buildConfigurations = (
				113DE91B256C887F00C19DD2 /* Debug */,
				113DE91C256C887F00C19DD2 /* Release */,
			);
			defaultConfigurationIsVisible = 0;
			defaultConfigurationName = Release;
		};
/* End XCConfigurationList section */

/* Begin XCRemoteSwiftPackageReference section */
		F683F8AC26278CFA00BE9F0B /* XCRemoteSwiftPackageReference "ChartView" */ = {
			isa = XCRemoteSwiftPackageReference;
			repositoryURL = "https://github.com/AppPear/ChartView";
			requirement = {
				kind = upToNextMajorVersion;
				minimumVersion = 1.5.5;
			};
		};
/* End XCRemoteSwiftPackageReference section */

/* Begin XCSwiftPackageProductDependency section */
		F683F8AD26278CFA00BE9F0B /* SwiftUICharts */ = {
			isa = XCSwiftPackageProductDependency;
			package = F683F8AC26278CFA00BE9F0B /* XCRemoteSwiftPackageReference "ChartView" */;
			productName = SwiftUICharts;
		};
/* End XCSwiftPackageProductDependency section */
	};
	rootObject = 113DE8DB256C887E00C19DD2 /* Project object */;
}
